
Microsoft Visual Studio Solution File, Format Version 12.00
# Visual Studio 15
Project("{FAE04EC0-301F-11D3-BF4B-00C04F79EFBC}") = "spine-unity-examples", "spine-unity-examples.csproj", "{282BA0FC-4C91-A3D7-96A8-4E6A5AFC0B0D}"
EndProject
Project("{FAE04EC0-301F-11D3-BF4B-00C04F79EFBC}") = "spine-unity", "spine-unity.csproj", "{F6CC304B-0256-AE15-AFB5-25F530C856B3}"
EndProject
Project("{FAE04EC0-301F-11D3-BF4B-00C04F79EFBC}") = "Assembly-CSharp", "Assembly-CSharp.csproj", "{53223C7A-6C26-FE17-FE00-29683B023809}"
EndProject
Project("{FAE04EC0-301F-11D3-BF4B-00C04F79EFBC}") = "spine-unity-editor", "spine-unity-editor.csproj", "{B181D5B2-B9D0-606F-4DDA-7636D58A58B9}"
EndProject
Global
	GlobalSection(SolutionConfigurationPlatforms) = preSolution
		Debug|Any CPU = Debug|Any CPU
		Release|Any CPU = Release|Any CPU
	EndGlobalSection
	GlobalSection(ProjectConfigurationPlatforms) = postSolution
		{282BA0FC-4C91-A3D7-96A8-4E6A5AFC0B0D}.Debug|Any CPU.ActiveCfg = Debug|Any CPU
		{282BA0FC-4C91-A3D7-96A8-4E6A5AFC0B0D}.Debug|Any CPU.Build.0 = Debug|Any CPU
		{282BA0FC-4C91-A3D7-96A8-4E6A5AFC0B0D}.Release|Any CPU.ActiveCfg = Release|Any CPU
		{282BA0FC-4C91-A3D7-96A8-4E6A5AFC0B0D}.Release|Any CPU.Build.0 = Release|Any CPU
		{F6CC304B-0256-AE15-AFB5-25F530C856B3}.Debug|Any CPU.ActiveCfg = Debug|Any CPU
		{F6CC304B-0256-AE15-AFB5-25F530C856B3}.Debug|Any CPU.Build.0 = Debug|Any CPU
		{F6CC304B-0256-AE15-AFB5-25F530C856B3}.Release|Any CPU.ActiveCfg = Release|Any CPU
		{F6CC304B-0256-AE15-AFB5-25F530C856B3}.Release|Any CPU.Build.0 = Release|Any CPU
		{53223C7A-6C26-FE17-FE00-29683B023809}.Debug|Any CPU.ActiveCfg = Debug|Any CPU
		{53223C7A-6C26-FE17-FE00-29683B023809}.Debug|Any CPU.Build.0 = Debug|Any CPU
		{53223C7A-6C26-FE17-FE00-29683B023809}.Release|Any CPU.ActiveCfg = Release|Any CPU
		{53223C7A-6C26-FE17-FE00-29683B023809}.Release|Any CPU.Build.0 = Release|Any CPU
		{B181D5B2-B9D0-606F-4DDA-7636D58A58B9}.Debug|Any CPU.ActiveCfg = Debug|Any CPU
		{B181D5B2-B9D0-606F-4DDA-7636D58A58B9}.Debug|Any CPU.Build.0 = Debug|Any CPU
		{B181D5B2-B9D0-606F-4DDA-7636D58A58B9}.Release|Any CPU.ActiveCfg = Release|Any CPU
		{B181D5B2-B9D0-606F-4DDA-7636D58A58B9}.Release|Any CPU.Build.0 = Release|Any CPU
	EndGlobalSection
	GlobalSection(SolutionProperties) = preSolution
		HideSolutionNode = FALSE
	EndGlobalSection
EndGlobal
